
Microsoft Visual Studio Solution File, Format Version 12.00
# Visual Studio 15
VisualStudioVersion = 15.0.25807.0
MinimumVisualStudioVersion = 10.0.40219.1
Project("{2150E333-8FDC-42A3-9474-1A3956D46DE8}") = "Engine", "Engine", "{6406E995-B543-457F-9E3B-9BC41F490C31}"
EndProject
Project("{2150E333-8FDC-42A3-9474-1A3956D46DE8}") = "Games", "Games", "{FA22F942-5308-421C-8474-6D7D513DFEA7}"
EndProject
Project("{8BC9CEB8-8B4A-11D0-8D11-00A0C91BC942}") = "Escape", "Intermediate\ProjectFiles\Escape.vcxproj", "{3353A7E4-1DDE-4A56-AB48-65DD1B9E4354}"
EndProject
Project("{8BC9CEB8-8B4A-11D0-8D11-00A0C91BC942}") = "UE4", "Intermediate\ProjectFiles\UE4.vcxproj", "{7BE90CB7-115E-4E6D-B250-592C1C8593F2}"
EndProject
Project("{2150E333-8FDC-42A3-9474-1A3956D46DE8}") = "Visualizers", "Visualizers", "{C2F63FAD-FA09-4E6F-B767-A6E21FB27D77}"
	ProjectSection(SolutionItems) = preProject
		..\..\..\Epic Games\UE_4.21\Engine\Extras\VisualStudioDebugging\UE4.natvis = ..\..\..\Epic Games\UE_4.21\Engine\Extras\VisualStudioDebugging\UE4.natvis
	EndProjectSection
EndProject
Global
	GlobalSection(SolutionConfigurationPlatforms) = preSolution
		DebugGame Editor|HTML5 = DebugGame Editor|HTML5
		DebugGame Editor|Win32 = DebugGame Editor|Win32
		DebugGame Editor|Win64 = DebugGame Editor|Win64
		DebugGame|HTML5 = DebugGame|HTML5
		DebugGame|Win32 = DebugGame|Win32
		DebugGame|Win64 = DebugGame|Win64
		Development Editor|HTML5 = Development Editor|HTML5
		Development Editor|Win32 = Development Editor|Win32
		Development Editor|Win64 = Development Editor|Win64
		Development|HTML5 = Development|HTML5
		Development|Win32 = Development|Win32
		Development|Win64 = Development|Win64
		Shipping|HTML5 = Shipping|HTML5
		Shipping|Win32 = Shipping|Win32
		Shipping|Win64 = Shipping|Win64
	EndGlobalSection
	GlobalSection(ProjectConfigurationPlatforms) = postSolution
		{3353A7E4-1DDE-4A56-AB48-65DD1B9E4354}.DebugGame Editor|HTML5.ActiveCfg = Invalid|Win32
		{3353A7E4-1DDE-4A56-AB48-65DD1B9E4354}.DebugGame Editor|Win32.ActiveCfg = Invalid|Win32
		{3353A7E4-1DDE-4A56-AB48-65DD1B9E4354}.DebugGame Editor|Win64.ActiveCfg = DebugGame_Editor|x64
		{3353A7E4-1DDE-4A56-AB48-65DD1B9E4354}.DebugGame Editor|Win64.Build.0 = DebugGame_Editor|x64
		{3353A7E4-1DDE-4A56-AB48-65DD1B9E4354}.DebugGame|HTML5.ActiveCfg = HTML5_DebugGame|Win32
		{3353A7E4-1DDE-4A56-AB48-65DD1B9E4354}.DebugGame|HTML5.Build.0 = HTML5_DebugGame|Win32
		{3353A7E4-1DDE-4A56-AB48-65DD1B9E4354}.DebugGame|Win32.ActiveCfg = DebugGame|Win32
		{3353A7E4-1DDE-4A56-AB48-65DD1B9E4354}.DebugGame|Win32.Build.0 = DebugGame|Win32
		{3353A7E4-1DDE-4A56-AB48-65DD1B9E4354}.DebugGame|Win64.ActiveCfg = DebugGame|x64
		{3353A7E4-1DDE-4A56-AB48-65DD1B9E4354}.DebugGame|Win64.Build.0 = DebugGame|x64
		{3353A7E4-1DDE-4A56-AB48-65DD1B9E4354}.Development Editor|HTML5.ActiveCfg = Invalid|Win32
		{3353A7E4-1DDE-4A56-AB48-65DD1B9E4354}.Development Editor|Win32.ActiveCfg = Invalid|Win32
		{3353A7E4-1DDE-4A56-AB48-65DD1B9E4354}.Development Editor|Win64.ActiveCfg = Development_Editor|x64
		{3353A7E4-1DDE-4A56-AB48-65DD1B9E4354}.Development Editor|Win64.Build.0 = Development_Editor|x64
		{3353A7E4-1DDE-4A56-AB48-65DD1B9E4354}.Development|HTML5.ActiveCfg = HTML5_Development|Win32
		{3353A7E4-1DDE-4A56-AB48-65DD1B9E4354}.Development|HTML5.Build.0 = HTML5_Development|Win32
		{3353A7E4-1DDE-4A56-AB48-65DD1B9E4354}.Development|Win32.ActiveCfg = Development|Win32
		{3353A7E4-1DDE-4A56-AB48-65DD1B9E4354}.Development|Win32.Build.0 = Development|Win32
		{3353A7E4-1DDE-4A56-AB48-65DD1B9E4354}.Development|Win64.ActiveCfg = Development|x64
		{3353A7E4-1DDE-4A56-AB48-65DD1B9E4354}.Development|Win64.Build.0 = Development|x64
		{3353A7E4-1DDE-4A56-AB48-65DD1B9E4354}.Shipping|HTML5.ActiveCfg = HTML5_Shipping|Win32
		{3353A7E4-1DDE-4A56-AB48-65DD1B9E4354}.Shipping|HTML5.Build.0 = HTML5_Shipping|Win32
		{3353A7E4-1DDE-4A56-AB48-65DD1B9E4354}.Shipping|Win32.ActiveCfg = Shipping|Win32
		{3353A7E4-1DDE-4A56-AB48-65DD1B9E4354}.Shipping|Win32.Build.0 = Shipping|Win32
		{3353A7E4-1DDE-4A56-AB48-65DD1B9E4354}.Shipping|Win64.ActiveCfg = Shipping|x64
		{3353A7E4-1DDE-4A56-AB48-65DD1B9E4354}.Shipping|Win64.Build.0 = Shipping|x64
		{7BE90CB7-115E-4E6D-B250-592C1C8593F2}.DebugGame Editor|HTML5.ActiveCfg = BuiltWithUnrealBuildTool|Win32
		{7BE90CB7-115E-4E6D-B250-592C1C8593F2}.DebugGame Editor|Win32.ActiveCfg = BuiltWithUnrealBuildTool|Win32
		{7BE90CB7-115E-4E6D-B250-592C1C8593F2}.DebugGame Editor|Win64.ActiveCfg = BuiltWithUnrealBuildTool|Win32
		{7BE90CB7-115E-4E6D-B250-592C1C8593F2}.DebugGame|HTML5.ActiveCfg = BuiltWithUnrealBuildTool|Win32
		{7BE90CB7-115E-4E6D-B250-592C1C8593F2}.DebugGame|Win32.ActiveCfg = BuiltWithUnrealBuildTool|Win32
		{7BE90CB7-115E-4E6D-B250-592C1C8593F2}.DebugGame|Win64.ActiveCfg = BuiltWithUnrealBuildTool|Win32
		{7BE90CB7-115E-4E6D-B250-592C1C8593F2}.Development Editor|HTML5.ActiveCfg = BuiltWithUnrealBuildTool|Win32
		{7BE90CB7-115E-4E6D-B250-592C1C8593F2}.Development Editor|Win32.ActiveCfg = BuiltWithUnrealBuildTool|Win32
		{7BE90CB7-115E-4E6D-B250-592C1C8593F2}.Development Editor|Win64.ActiveCfg = BuiltWithUnrealBuildTool|Win32
		{7BE90CB7-115E-4E6D-B250-592C1C8593F2}.Development|HTML5.ActiveCfg = BuiltWithUnrealBuildTool|Win32
		{7BE90CB7-115E-4E6D-B250-592C1C8593F2}.Development|Win32.ActiveCfg = BuiltWithUnrealBuildTool|Win32
		{7BE90CB7-115E-4E6D-B250-592C1C8593F2}.Development|Win64.ActiveCfg = BuiltWithUnrealBuildTool|Win32
		{7BE90CB7-115E-4E6D-B250-592C1C8593F2}.Shipping|HTML5.ActiveCfg = BuiltWithUnrealBuildTool|Win32
		{7BE90CB7-115E-4E6D-B250-592C1C8593F2}.Shipping|Win32.ActiveCfg = BuiltWithUnrealBuildTool|Win32
		{7BE90CB7-115E-4E6D-B250-592C1C8593F2}.Shipping|Win64.ActiveCfg = BuiltWithUnrealBuildTool|Win32
	EndGlobalSection
	GlobalSection(SolutionProperties) = preSolution
		HideSolutionNode = FALSE
	EndGlobalSection
	GlobalSection(NestedProjects) = preSolution
		{7BE90CB7-115E-4E6D-B250-592C1C8593F2} = {6406E995-B543-457F-9E3B-9BC41F490C31}
		{3353A7E4-1DDE-4A56-AB48-65DD1B9E4354} = {FA22F942-5308-421C-8474-6D7D513DFEA7}
	EndGlobalSection
EndGlobal
